<Solution>
  <Folder Name="/src/">
    <Project Path="src/Fubkalkylator.Core/Fubkalkylator.Core.csproj" />
    <Project Path="src/Fubkalkylator.UI/Fubkalkylator.UI.csproj" />
    <Project Path="src/Fubkalkylator.Web/Fubkalkylator.Web.csproj" />
  </Folder>
  <Folder Name="/tests/">
    <Project Path="tests/Fubkalkylator.Core.Tests/Fubkalkylator.Core.Tests.csproj" />
  </Folder>
</Solution>
